
Microsoft Visual Studio Solution File, Format Version 12.00
# Visual Studio 15
VisualStudioVersion = 15.0.28010.2016
MinimumVisualStudioVersion = 10.0.40219.1
Project("{9A19103F-16F7-4668-BE54-9A1E7A4F7556}") = "ManagementUser.Api", "ManagementUser\ManagementUser.Api.csproj", "{5F8DA1AA-78D4-45F6-B0E9-51516319C6F4}"
EndProject
Project("{2150E333-8FDC-42A3-9474-1A3956D46DE8}") = "1 - Layer", "1 - Layer", "{770B8C1A-3376-418F-9C3D-33D996CEEEEA}"
EndProject
Project("{2150E333-8FDC-42A3-9474-1A3956D46DE8}") = "1.1. Distributed Service", "1.1. Distributed Service", "{E75AC10A-ACB2-41F3-AB97-F0B83779298A}"
EndProject
Project("{2150E333-8FDC-42A3-9474-1A3956D46DE8}") = "1.2. Application", "1.2. Application", "{618F8FDB-16FE-4B20-B4C8-3EE49E34570C}"
EndProject
Project("{9A19103F-16F7-4668-BE54-9A1E7A4F7556}") = "ManagementUser.Api.Application", "Management.Api.Application\ManagementUser.Api.Application.csproj", "{89AC0129-9A62-40DD-9A6C-756F63BCFA05}"
EndProject
Project("{9A19103F-16F7-4668-BE54-9A1E7A4F7556}") = "ManagementUser.Api.Application.Contracts", "Management.Api.Application.Contracts\ManagementUser.Api.Application.Contracts.csproj", "{D1FC4B2E-08E9-4108-916D-8EC68F77A3DC}"
EndProject
Project("{2150E333-8FDC-42A3-9474-1A3956D46DE8}") = "1.3. Domains", "1.3. Domains", "{AEAF0E4C-334E-4AE4-AFC6-23E44BB90ADB}"
EndProject
Project("{9A19103F-16F7-4668-BE54-9A1E7A4F7556}") = "ManagementUser.Api.Domains", "ManagementUser.Api.Domains\ManagementUser.Api.Domains.csproj", "{DA4AEDC2-F318-48A4-8698-D01FED4190C2}"
EndProject
Project("{2150E333-8FDC-42A3-9474-1A3956D46DE8}") = "1.4. DataAccess", "1.4. DataAccess", "{5A54F6FF-9436-4939-8856-FA2CEDC2486E}"
EndProject
Project("{9A19103F-16F7-4668-BE54-9A1E7A4F7556}") = "ManagementUser.Api.DataAccess", "ManagementUser.Api.DataAccess\ManagementUser.Api.DataAccess.csproj", "{6D9DCD29-8289-4EC3-87F2-70E6877BF3E6}"
EndProject
Project("{9A19103F-16F7-4668-BE54-9A1E7A4F7556}") = "ManagementUser.Api.DataAccess.Contract", "ManagementUser.Api.DataAccess.Contract\ManagementUser.Api.DataAccess.Contract.csproj", "{A4738EA7-D974-452F-83EB-3C7168945106}"
EndProject
Project("{2150E333-8FDC-42A3-9474-1A3956D46DE8}") = "1.5 CrossCutting", "1.5 CrossCutting", "{200A8A0F-6209-4B38-9696-C424C1984849}"
EndProject
Project("{9A19103F-16F7-4668-BE54-9A1E7A4F7556}") = "ManagementUser.Api.CrossCutting", "ManagementUser.Api.CrossCutting\ManagementUser.Api.CrossCutting.csproj", "{EC80F89A-EA31-4A43-B538-62E3E5D229BC}"
EndProject
Project("{2150E333-8FDC-42A3-9474-1A3956D46DE8}") = "2- Sql", "2- Sql", "{1B570217-C570-4DB0-9A15-78B26F8FC2F0}"
	ProjectSection(SolutionItems) = preProject
		..\..\..\..\..\SQL Server Management Studio\prt_optimum_fisical_model\prt_optimum_fisical_model\Test.sql = ..\..\..\..\..\SQL Server Management Studio\prt_optimum_fisical_model\prt_optimum_fisical_model\Test.sql
	EndProjectSection
EndProject
Global
	GlobalSection(SolutionConfigurationPlatforms) = preSolution
		Debug|Any CPU = Debug|Any CPU
		Release|Any CPU = Release|Any CPU
	EndGlobalSection
	GlobalSection(ProjectConfigurationPlatforms) = postSolution
		{5F8DA1AA-78D4-45F6-B0E9-51516319C6F4}.Debug|Any CPU.ActiveCfg = Debug|Any CPU
		{5F8DA1AA-78D4-45F6-B0E9-51516319C6F4}.Debug|Any CPU.Build.0 = Debug|Any CPU
		{5F8DA1AA-78D4-45F6-B0E9-51516319C6F4}.Release|Any CPU.ActiveCfg = Release|Any CPU
		{5F8DA1AA-78D4-45F6-B0E9-51516319C6F4}.Release|Any CPU.Build.0 = Release|Any CPU
		{89AC0129-9A62-40DD-9A6C-756F63BCFA05}.Debug|Any CPU.ActiveCfg = Debug|Any CPU
		{89AC0129-9A62-40DD-9A6C-756F63BCFA05}.Debug|Any CPU.Build.0 = Debug|Any CPU
		{89AC0129-9A62-40DD-9A6C-756F63BCFA05}.Release|Any CPU.ActiveCfg = Release|Any CPU
		{89AC0129-9A62-40DD-9A6C-756F63BCFA05}.Release|Any CPU.Build.0 = Release|Any CPU
		{D1FC4B2E-08E9-4108-916D-8EC68F77A3DC}.Debug|Any CPU.ActiveCfg = Debug|Any CPU
		{D1FC4B2E-08E9-4108-916D-8EC68F77A3DC}.Debug|Any CPU.Build.0 = Debug|Any CPU
		{D1FC4B2E-08E9-4108-916D-8EC68F77A3DC}.Release|Any CPU.ActiveCfg = Release|Any CPU
		{D1FC4B2E-08E9-4108-916D-8EC68F77A3DC}.Release|Any CPU.Build.0 = Release|Any CPU
		{DA4AEDC2-F318-48A4-8698-D01FED4190C2}.Debug|Any CPU.ActiveCfg = Debug|Any CPU
		{DA4AEDC2-F318-48A4-8698-D01FED4190C2}.Debug|Any CPU.Build.0 = Debug|Any CPU
		{DA4AEDC2-F318-48A4-8698-D01FED4190C2}.Release|Any CPU.ActiveCfg = Release|Any CPU
		{DA4AEDC2-F318-48A4-8698-D01FED4190C2}.Release|Any CPU.Build.0 = Release|Any CPU
		{6D9DCD29-8289-4EC3-87F2-70E6877BF3E6}.Debug|Any CPU.ActiveCfg = Debug|Any CPU
		{6D9DCD29-8289-4EC3-87F2-70E6877BF3E6}.Debug|Any CPU.Build.0 = Debug|Any CPU
		{6D9DCD29-8289-4EC3-87F2-70E6877BF3E6}.Release|Any CPU.ActiveCfg = Release|Any CPU
		{6D9DCD29-8289-4EC3-87F2-70E6877BF3E6}.Release|Any CPU.Build.0 = Release|Any CPU
		{A4738EA7-D974-452F-83EB-3C7168945106}.Debug|Any CPU.ActiveCfg = Debug|Any CPU
		{A4738EA7-D974-452F-83EB-3C7168945106}.Debug|Any CPU.Build.0 = Debug|Any CPU
		{A4738EA7-D974-452F-83EB-3C7168945106}.Release|Any CPU.ActiveCfg = Release|Any CPU
		{A4738EA7-D974-452F-83EB-3C7168945106}.Release|Any CPU.Build.0 = Release|Any CPU
		{EC80F89A-EA31-4A43-B538-62E3E5D229BC}.Debug|Any CPU.ActiveCfg = Debug|Any CPU
		{EC80F89A-EA31-4A43-B538-62E3E5D229BC}.Debug|Any CPU.Build.0 = Debug|Any CPU
		{EC80F89A-EA31-4A43-B538-62E3E5D229BC}.Release|Any CPU.ActiveCfg = Release|Any CPU
		{EC80F89A-EA31-4A43-B538-62E3E5D229BC}.Release|Any CPU.Build.0 = Release|Any CPU
	EndGlobalSection
	GlobalSection(SolutionProperties) = preSolution
		HideSolutionNode = FALSE
	EndGlobalSection
	GlobalSection(NestedProjects) = preSolution
		{5F8DA1AA-78D4-45F6-B0E9-51516319C6F4} = {E75AC10A-ACB2-41F3-AB97-F0B83779298A}
		{E75AC10A-ACB2-41F3-AB97-F0B83779298A} = {770B8C1A-3376-418F-9C3D-33D996CEEEEA}
		{618F8FDB-16FE-4B20-B4C8-3EE49E34570C} = {770B8C1A-3376-418F-9C3D-33D996CEEEEA}
		{89AC0129-9A62-40DD-9A6C-756F63BCFA05} = {618F8FDB-16FE-4B20-B4C8-3EE49E34570C}
		{D1FC4B2E-08E9-4108-916D-8EC68F77A3DC} = {618F8FDB-16FE-4B20-B4C8-3EE49E34570C}
		{AEAF0E4C-334E-4AE4-AFC6-23E44BB90ADB} = {770B8C1A-3376-418F-9C3D-33D996CEEEEA}
		{DA4AEDC2-F318-48A4-8698-D01FED4190C2} = {AEAF0E4C-334E-4AE4-AFC6-23E44BB90ADB}
		{5A54F6FF-9436-4939-8856-FA2CEDC2486E} = {770B8C1A-3376-418F-9C3D-33D996CEEEEA}
		{6D9DCD29-8289-4EC3-87F2-70E6877BF3E6} = {5A54F6FF-9436-4939-8856-FA2CEDC2486E}
		{A4738EA7-D974-452F-83EB-3C7168945106} = {5A54F6FF-9436-4939-8856-FA2CEDC2486E}
		{200A8A0F-6209-4B38-9696-C424C1984849} = {770B8C1A-3376-418F-9C3D-33D996CEEEEA}
		{EC80F89A-EA31-4A43-B538-62E3E5D229BC} = {200A8A0F-6209-4B38-9696-C424C1984849}
	EndGlobalSection
	GlobalSection(ExtensibilityGlobals) = postSolution
		SolutionGuid = {9C9F9B75-9A1A-404A-A72B-44E5941488F0}
	EndGlobalSection
EndGlobal
